
Microsoft Visual Studio Solution File, Format Version 12.00
# Visual Studio Version 17
VisualStudioVersion = 17.5.33516.290
MinimumVisualStudioVersion = 10.0.40219.1
Project("{FAE04EC0-301F-11D3-BF4B-00C04F79EFBC}") = "WindowsFormLAS", "WindowsFormLAS\WindowsFormLAS.csproj", "{D3B2984B-8B98-487F-AF3B-D6451AF16866}"
EndProject
Global
	GlobalSection(SolutionConfigurationPlatforms) = preSolution
		Debug|Any CPU = Debug|Any CPU
		Release|Any CPU = Release|Any CPU
	EndGlobalSection
	GlobalSection(ProjectConfigurationPlatforms) = postSolution
		{D3B2984B-8B98-487F-AF3B-D6451AF16866}.Debug|Any CPU.ActiveCfg = Debug|Any CPU
		{D3B2984B-8B98-487F-AF3B-D6451AF16866}.Debug|Any CPU.Build.0 = Debug|Any CPU
		{D3B2984B-8B98-487F-AF3B-D6451AF16866}.Release|Any CPU.ActiveCfg = Release|Any CPU
		{D3B2984B-8B98-487F-AF3B-D6451AF16866}.Release|Any CPU.Build.0 = Release|Any CPU
	EndGlobalSection
	GlobalSection(SolutionProperties) = preSolution
		HideSolutionNode = FALSE
	EndGlobalSection
	GlobalSection(ExtensibilityGlobals) = postSolution
		SolutionGuid = {1058AF19-377F-4587-A1AD-742089C4301E}
	EndGlobalSection
EndGlobal
